github.com/creachadair/command v0.1.13 h1:UDKPF3QYPRS/quZPVYZ7sW1JLxLLOgiyVSLQ+7wwI2o=
github.com/creachadair/command v0.1.13/go.mod h1:YKwUE49nAi8qxLl8jCQ0GMPvwdxmIBkJW3LqxgZ7ljk=
github.com/creachadair/flax v0.0.0-20240525192034-44db93b3a8ad h1:Fv6FRWgCJTHsslL0qRhhO7Jj7cL78YW8s1c8UxFGIIo=
github.com/creachadair/flax v0.0.0-20240525192034-44db93b3a8ad/go.mod h1:K8bFvn8hMdAljQkaKNc7I3os5Wk36JxkyCkfdZ7S8d4=
github.com/creachadair/mds v0.15.2 h1:es1qGKgRGSaztpvrSQcZ0B9I6NsHYJ1Sa9naD/3OfCM=
github.com/creachadair/mds v0.15.2/go.mod h1:4vrFYUzTXMJpMBU+OA292I6IUxKWCCfZkgXg+/kBZMo=
github.com/creachadair/taskgroup v0.9.0 h1:kzXSea5C7R5DtnKFBOTEW3hvmCkiVnRkODMVDMgSS6k=
github.com/creachadair/taskgroup v0.9.0/go.mod h1:+1hJc8zL1rQkxcMVqEYJ0UPGtwl6Iz1+fd4zcOLtt+A=
github.com/google/go-cmp v0.5.2/go.mod h1:v8dTdLbMG2kIc/vJvl+f65V22dbkXbowE6jgT/gNBxE=
github.com/google/go-cmp v0.6.0 h1:ofyhxvXcZhMsU5ulbFiLKl/XBFqE1GSq7atu8tAmTRI=
github.com/google/go-cmp v0.6.0/go.mod h1:17dUlkBOakJ0+DkrSSNjCkIjxS6bF9zb3elmeNGIjoY=
github.com/google/go-github/v63 v63.0.0 h1:13xwK/wk9alSokujB9lJkuzdmQuVn2QCPeck76wR3nE=
github.com/google/go-github/v63 v63.0.0/go.mod h1:IqbcrgUmIcEaioWrGYei/09o+ge5vhffGOcxrO0AfmA=
github.com/google/go-querystring v1.1.0 h1:AnCroh3fv4ZBgVIf1Iwtovgjaw/GiKJo8M8yD/fhyJ8=
github.com/google/go-querystring v1.1.0/go.mod h1:Kcdr2DB4koayq7X8pmAG4sNG59So17icRSOU623lUBU=
github.com/natefinch/atomic v1.0.1 h1:ZPYKxkqQOx3KZ+RsbnP/YsgvxWQPGxjC0oBt2AhwV0A=
github.com/natefinch/atomic v1.0.1/go.mod h1:N/D/ELrljoqDyT3rZrsUmtsuzvHkeB/wWjHV22AZRbM=
golang.org/x/net v0.26.0 h1:soB7SVo0PWrY4vPW/+ay0jKDNScG2X9wFeYlXIvJsOQ=
golang.org/x/net v0.26.0/go.mod h1:5YKkiSynbBIh3p6iOc/vibscux0x38BZDkn8sCUPxHE=
golang.org/x/text v0.16.0 h1:a94ExnEXNtEwYLGJSIUxnWoxoRz/ZcCsV63ROupILh4=
golang.org/x/text v0.16.0/go.mod h1:GhwF1Be+LQoKShO3cGOHzqOgRrGaYc9AvblQOmPVHnI=
golang.org/x/xerrors v0.0.0-20191204190536-9bdfabe68543/go.mod h1:I/5z698sn9Ka8TeJc9MKroUUfqBBauWjQqLJ2OPfmY0=
